PODS:
  - app_settings (5.1.1):
    - Flutter
  - connectivity_plus (0.0.1):
    - Flutter
    - ReachabilitySwift
  - device_imei (0.0.3):
    - Flutter
  - device_info (0.0.1):
    - Flutter
  - device_info_plus (0.0.1):
    - Flutter
  - DKImagePickerController/Core (4.3.4):
    - DKImagePickerController/ImageDataManager
    - DKImagePickerController/Resource
  - DKImagePickerController/ImageDataManager (4.3.4)
  - DKImagePickerController/PhotoGallery (4.3.4):
    - DKImagePickerController/Core
    - DKPhotoGallery
  - DKImagePickerController/Resource (4.3.4)
  - DKPhotoGallery (0.0.17):
    - DKPhotoGallery/Core (= 0.0.17)
    - DKPhotoGallery/Model (= 0.0.17)
    - DKPhotoGallery/Preview (= 0.0.17)
    - DKPhotoGallery/Resource (= 0.0.17)
    - SDWebImage
    - SwiftyGif
  - DKPhotoGallery/Core (0.0.17):
    - DKPhotoGallery/Model
    - DKPhotoGallery/Preview
    - SDWebImage
    - SwiftyGif
  - DKPhotoGallery/Model (0.0.17):
    - SDWebImage
    - SwiftyGif
  - DKPhotoGallery/Preview (0.0.17):
    - DKPhotoGallery/Model
    - DKPhotoGallery/Resource
    - SDWebImage
    - SwiftyGif
  - DKPhotoGallery/Resource (0.0.17):
    - SDWebImage
    - SwiftyGif
  - file_picker (0.0.1):
    - DKImagePickerController/PhotoGallery
    - Flutter
  - Firebase/Analytics (10.18.0):
    - Firebase/Core
  - Firebase/Core (10.18.0):
    - Firebase/CoreOnly
    - FirebaseAnalytics (~> 10.18.0)
  - Firebase/CoreOnly (10.18.0):
    - FirebaseCore (= 10.18.0)
  - Firebase/Crashlytics (10.18.0):
    - Firebase/CoreOnly
    - FirebaseCrashlytics (~> 10.18.0)
  - Firebase/Messaging (10.18.0):
    - Firebase/CoreOnly
    - FirebaseMessaging (~> 10.18.0)
  - firebase_analytics (10.8.0):
    - Firebase/Analytics (= 10.18.0)
    - firebase_core
    - Flutter
  - firebase_core (2.24.2):
    - Firebase/CoreOnly (= 10.18.0)
    - Flutter
  - firebase_crashlytics (3.4.9):
    - Firebase/Crashlytics (= 10.18.0)
    - firebase_core
    - Flutter
  - firebase_messaging (14.7.10):
    - Firebase/Messaging (= 10.18.0)
    - firebase_core
    - Flutter
  - FirebaseAnalytics (10.18.0):
    - FirebaseAnalytics/AdIdSupport (= 10.18.0)
    - FirebaseCore (~> 10.0)
    - FirebaseInstallations (~> 10.0)
    - GoogleUtilities/AppDelegateSwizzler (~> 7.11)
    - GoogleUtilities/MethodSwizzler (~> 7.11)
    - GoogleUtilities/Network (~> 7.11)
    - "GoogleUtilities/NSData+zlib (~> 7.11)"
    - nanopb (< 2.30910.0, >= 2.30908.0)
  - FirebaseAnalytics/AdIdSupport (10.18.0):
    - FirebaseCore (~> 10.0)
    - FirebaseInstallations (~> 10.0)
    - GoogleAppMeasurement (= 10.18.0)
    - GoogleUtilities/AppDelegateSwizzler (~> 7.11)
    - GoogleUtilities/MethodSwizzler (~> 7.11)
    - GoogleUtilities/Network (~> 7.11)
    - "GoogleUtilities/NSData+zlib (~> 7.11)"
    - nanopb (< 2.30910.0, >= 2.30908.0)
  - FirebaseCore (10.18.0):
    - FirebaseCoreInternal (~> 10.0)
    - GoogleUtilities/Environment (~> 7.12)
    - GoogleUtilities/Logger (~> 7.12)
  - FirebaseCoreExtension (10.20.0):
    - FirebaseCore (~> 10.0)
  - FirebaseCoreInternal (10.20.0):
    - "GoogleUtilities/NSData+zlib (~> 7.8)"
  - FirebaseCrashlytics (10.18.0):
    - FirebaseCore (~> 10.5)
    - FirebaseInstallations (~> 10.0)
    - FirebaseSessions (~> 10.5)
    - GoogleDataTransport (~> 9.2)
    - GoogleUtilities/Environment (~> 7.8)
    - nanopb (< 2.30910.0, >= 2.30908.0)
    - PromisesObjC (~> 2.1)
  - FirebaseInstallations (10.20.0):
    - FirebaseCore (~> 10.0)
    - GoogleUtilities/Environment (~> 7.8)
    - GoogleUtilities/UserDefaults (~> 7.8)
    - PromisesObjC (~> 2.1)
  - FirebaseMessaging (10.18.0):
    - FirebaseCore (~> 10.0)
    - FirebaseInstallations (~> 10.0)
    - GoogleDataTransport (~> 9.2)
    - GoogleUtilities/AppDelegateSwizzler (~> 7.8)
    - GoogleUtilities/Environment (~> 7.8)
    - GoogleUtilities/Reachability (~> 7.8)
    - GoogleUtilities/UserDefaults (~> 7.8)
    - nanopb (< 2.30910.0, >= 2.30908.0)
  - FirebaseSessions (10.20.0):
    - FirebaseCore (~> 10.5)
    - FirebaseCoreExtension (~> 10.0)
    - FirebaseInstallations (~> 10.0)
    - GoogleDataTransport (~> 9.2)
    - GoogleUtilities/Environment (~> 7.10)
    - nanopb (< 2.30910.0, >= 2.30908.0)
    - PromisesSwift (~> 2.1)
  - Flutter (1.0.0)
  - flutter_inappwebview (0.0.1):
    - Flutter
    - flutter_inappwebview/Core (= 0.0.1)
    - OrderedSet (~> 5.0)
  - flutter_inappwebview/Core (0.0.1):
    - Flutter
    - OrderedSet (~> 5.0)
  - flutter_local_notifications (0.0.1):
    - Flutter
  - fluttertoast (0.0.2):
    - Flutter
    - Toast
  - FMDB (2.7.5):
    - FMDB/standard (= 2.7.5)
  - FMDB/standard (2.7.5)
  - GoogleAppMeasurement (10.18.0):
    - GoogleAppMeasurement/AdIdSupport (= 10.18.0)
    - GoogleUtilities/AppDelegateSwizzler (~> 7.11)
    - GoogleUtilities/MethodSwizzler (~> 7.11)
    - GoogleUtilities/Network (~> 7.11)
    - "GoogleUtilities/NSData+zlib (~> 7.11)"
    - nanopb (< 2.30910.0, >= 2.30908.0)
  - GoogleAppMeasurement/AdIdSupport (10.18.0):
    - GoogleAppMeasurement/WithoutAdIdSupport (= 10.18.0)
    - GoogleUtilities/AppDelegateSwizzler (~> 7.11)
    - GoogleUtilities/MethodSwizzler (~> 7.11)
    - GoogleUtilities/Network (~> 7.11)
    - "GoogleUtilities/NSData+zlib (~> 7.11)"
    - nanopb (< 2.30910.0, >= 2.30908.0)
  - GoogleAppMeasurement/WithoutAdIdSupport (10.18.0):
    - GoogleUtilities/AppDelegateSwizzler (~> 7.11)
    - GoogleUtilities/MethodSwizzler (~> 7.11)
    - GoogleUtilities/Network (~> 7.11)
    - "GoogleUtilities/NSData+zlib (~> 7.11)"
    - nanopb (< 2.30910.0, >= 2.30908.0)
  - GoogleDataTransport (9.3.0):
    - GoogleUtilities/Environment (~> 7.7)
    - nanopb (< 2.30910.0, >= 2.30908.0)
    - PromisesObjC (< 3.0, >= 1.2)
  - GoogleUtilities/AppDelegateSwizzler (7.12.0):
    - GoogleUtilities/Environment
    - GoogleUtilities/Logger
    - GoogleUtilities/Network
  - GoogleUtilities/Environment (7.12.0):
    - PromisesObjC (< 3.0, >= 1.2)
  - GoogleUtilities/Logger (7.12.0):
    - GoogleUtilities/Environment
  - GoogleUtilities/MethodSwizzler (7.12.0):
    - GoogleUtilities/Logger
  - GoogleUtilities/Network (7.12.0):
    - GoogleUtilities/Logger
    - "GoogleUtilities/NSData+zlib"
    - GoogleUtilities/Reachability
  - "GoogleUtilities/NSData+zlib (7.12.0)"
  - GoogleUtilities/Reachability (7.12.0):
    - GoogleUtilities/Logger
  - GoogleUtilities/UserDefaults (7.12.0):
    - GoogleUtilities/Logger
  - image_picker_ios (0.0.1):
    - Flutter
  - in_app_purchase_storekit (0.0.1):
    - Flutter
    - FlutterMacOS
  - nanopb (2.30909.1):
    - nanopb/decode (= 2.30909.1)
    - nanopb/encode (= 2.30909.1)
  - nanopb/decode (2.30909.1)
  - nanopb/encode (2.30909.1)
  - open_filex (0.0.2):
    - Flutter
  - OrderedSet (5.0.0)
  - package_info_plus (0.4.5):
    - Flutter
  - path_provider_foundation (0.0.1):
    - Flutter
    - FlutterMacOS
  - permission_handler_apple (9.1.1):
    - Flutter
  - platform_device_id (0.0.1):
    - Flutter
  - PromisesObjC (2.3.1)
  - PromisesSwift (2.3.1):
    - PromisesObjC (= 2.3.1)
  - ReachabilitySwift (5.0.0)
  - SDWebImage (5.18.10):
    - SDWebImage/Core (= 5.18.10)
  - SDWebImage/Core (5.18.10)
  - share_plus (0.0.1):
    - Flutter
  - shared_preferences_foundation (0.0.1):
    - Flutter
    - FlutterMacOS
  - smart_auth (0.0.1):
    - Flutter
  - sqflite (0.0.3):
    - Flutter
    - FMDB (>= 2.7.5)
  - SwiftyGif (5.4.4)
  - Toast (4.1.0)
  - url_launcher_ios (0.0.1):
    - Flutter
  - vibration (1.7.5):
    - Flutter
  - video_player_avfoundation (0.0.1):
    - Flutter
  - wakelock (0.0.1):
    - Flutter
  - webview_flutter_wkwebview (0.0.1):
    - Flutter

DEPENDENCIES:
  - app_settings (from `.symlinks/plugins/app_settings/ios`)
  - connectivity_plus (from `.symlinks/plugins/connectivity_plus/ios`)
  - device_imei (from `.symlinks/plugins/device_imei/ios`)
  - device_info (from `.symlinks/plugins/device_info/ios`)
  - device_info_plus (from `.symlinks/plugins/device_info_plus/ios`)
  - file_picker (from `.symlinks/plugins/file_picker/ios`)
  - firebase_analytics (from `.symlinks/plugins/firebase_analytics/ios`)
  - firebase_core (from `.symlinks/plugins/firebase_core/ios`)
  - firebase_crashlytics (from `.symlinks/plugins/firebase_crashlytics/ios`)
  - firebase_messaging (from `.symlinks/plugins/firebase_messaging/ios`)
  - Flutter (from `Flutter`)
  - flutter_inappwebview (from `.symlinks/plugins/flutter_inappwebview/ios`)
  - flutter_local_notifications (from `.symlinks/plugins/flutter_local_notifications/ios`)
  - fluttertoast (from `.symlinks/plugins/fluttertoast/ios`)
  - image_picker_ios (from `.symlinks/plugins/image_picker_ios/ios`)
  - in_app_purchase_storekit (from `.symlinks/plugins/in_app_purchase_storekit/ios`)
  - open_filex (from `.symlinks/plugins/open_filex/ios`)
  - package_info_plus (from `.symlinks/plugins/package_info_plus/ios`)
  - path_provider_foundation (from `.symlinks/plugins/path_provider_foundation/ios`)
  - permission_handler_apple (from `.symlinks/plugins/permission_handler_apple/ios`)
  - platform_device_id (from `.symlinks/plugins/platform_device_id/ios`)
  - share_plus (from `.symlinks/plugins/share_plus/ios`)
  - shared_preferences_foundation (from `.symlinks/plugins/shared_preferences_foundation/ios`)
  - smart_auth (from `.symlinks/plugins/smart_auth/ios`)
  - sqflite (from `.symlinks/plugins/sqflite/ios`)
  - url_launcher_ios (from `.symlinks/plugins/url_launcher_ios/ios`)
  - vibration (from `.symlinks/plugins/vibration/ios`)
  - video_player_avfoundation (from `.symlinks/plugins/video_player_avfoundation/ios`)
  - wakelock (from `.symlinks/plugins/wakelock/ios`)
  - webview_flutter_wkwebview (from `.symlinks/plugins/webview_flutter_wkwebview/ios`)

SPEC REPOS:
  trunk:
    - DKImagePickerController
    - DKPhotoGallery
    - Firebase
    - FirebaseAnalytics
    - FirebaseCore
    - FirebaseCoreExtension
    - FirebaseCoreInternal
    - FirebaseCrashlytics
    - FirebaseInstallations
    - FirebaseMessaging
    - FirebaseSessions
    - FMDB
    - GoogleAppMeasurement
    - GoogleDataTransport
    - GoogleUtilities
    - nanopb
    - OrderedSet
    - PromisesObjC
    - PromisesSwift
    - ReachabilitySwift
    - SDWebImage
    - SwiftyGif
    - Toast

EXTERNAL SOURCES:
  app_settings:
    :path: ".symlinks/plugins/app_settings/ios"
  connectivity_plus:
    :path: ".symlinks/plugins/connectivity_plus/ios"
  device_imei:
    :path: ".symlinks/plugins/device_imei/ios"
  device_info:
    :path: ".symlinks/plugins/device_info/ios"
  device_info_plus:
    :path: ".symlinks/plugins/device_info_plus/ios"
  file_picker:
    :path: ".symlinks/plugins/file_picker/ios"
  firebase_analytics:
    :path: ".symlinks/plugins/firebase_analytics/ios"
  firebase_core:
    :path: ".symlinks/plugins/firebase_core/ios"
  firebase_crashlytics:
    :path: ".symlinks/plugins/firebase_crashlytics/ios"
  firebase_messaging:
    :path: ".symlinks/plugins/firebase_messaging/ios"
  Flutter:
    :path: Flutter
  flutter_inappwebview:
    :path: ".symlinks/plugins/flutter_inappwebview/ios"
  flutter_local_notifications:
    :path: ".symlinks/plugins/flutter_local_notifications/ios"
  fluttertoast:
    :path: ".symlinks/plugins/fluttertoast/ios"
  image_picker_ios:
    :path: ".symlinks/plugins/image_picker_ios/ios"
  in_app_purchase_storekit:
    :path: ".symlinks/plugins/in_app_purchase_storekit/ios"
  open_filex:
    :path: ".symlinks/plugins/open_filex/ios"
  package_info_plus:
    :path: ".symlinks/plugins/package_info_plus/ios"
  path_provider_foundation:
    :path: ".symlinks/plugins/path_provider_foundation/ios"
  permission_handler_apple:
    :path: ".symlinks/plugins/permission_handler_apple/ios"
  platform_device_id:
    :path: ".symlinks/plugins/platform_device_id/ios"
  share_plus:
    :path: ".symlinks/plugins/share_plus/ios"
  shared_preferences_foundation:
    :path: ".symlinks/plugins/shared_preferences_foundation/ios"
  smart_auth:
    :path: ".symlinks/plugins/smart_auth/ios"
  sqflite:
    :path: ".symlinks/plugins/sqflite/ios"
  url_launcher_ios:
    :path: ".symlinks/plugins/url_launcher_ios/ios"
  vibration:
    :path: ".symlinks/plugins/vibration/ios"
  video_player_avfoundation:
    :path: ".symlinks/plugins/video_player_avfoundation/ios"
  wakelock:
    :path: ".symlinks/plugins/wakelock/ios"
  webview_flutter_wkwebview:
    :path: ".symlinks/plugins/webview_flutter_wkwebview/ios"

SPEC CHECKSUMS:
  app_settings: 017320c6a680cdc94c799949d95b84cb69389ebc
  connectivity_plus: 413a8857dd5d9f1c399a39130850d02fe0feaf7e
  device_imei: 06bea5160991fbb7aba7f2e7267a37f6b616c514
  device_info: d7d233b645a32c40dfdc212de5cf646ca482f175
  device_info_plus: e5c5da33f982a436e103237c0c85f9031142abed
  DKImagePickerController: b512c28220a2b8ac7419f21c491fc8534b7601ac
  DKPhotoGallery: fdfad5125a9fdda9cc57df834d49df790dbb4179
  file_picker: ce3938a0df3cc1ef404671531facef740d03f920
  Firebase: 414ad272f8d02dfbf12662a9d43f4bba9bec2a06
  firebase_analytics: b3d6dd14c61549a29abb10e9843446a4d8bb53eb
  firebase_core: 0af4a2b24f62071f9bf283691c0ee41556dcb3f5
  firebase_crashlytics: 4b91b8ad60ee7c168fe88979f84c9573a729de7a
  firebase_messaging: 90e8a6db84b6e1e876cebce4f30f01dc495e7014
  FirebaseAnalytics: 4d310b35c48eaa4a058ddc04bdca6bdb5dc0fe80
  FirebaseCore: 2322423314d92f946219c8791674d2f3345b598f
  FirebaseCoreExtension: 0659f035b88c5a7a15a9763c48c2e6ca8c0a2977
  FirebaseCoreInternal: efeeb171ac02d623bdaefe121539939821e10811
  FirebaseCrashlytics: 86d5bce01f42fa1db265f87ff1d591f04db610ec
  FirebaseInstallations: 558b1da7d65afeb996fd5c814332f013234ece4e
  FirebaseMessaging: 9bc34a98d2e0237e1b121915120d4d48ddcf301e
  FirebaseSessions: 2f348975f6d1c139231c180e12194161da2e0cd6
  Flutter: f04841e97a9d0b0a8025694d0796dd46242b2854
  flutter_inappwebview: 3d32228f1304635e7c028b0d4252937730bbc6cf
  flutter_local_notifications: 0c0b1ae97e741e1521e4c1629a459d04b9aec743
  fluttertoast: fafc4fa4d01a6a9e4f772ecd190ffa525e9e2d9c
  FMDB: 2ce00b547f966261cd18927a3ddb07cb6f3db82a
  GoogleAppMeasurement: 70ce9aa438cff1cfb31ea3e660bcc67734cb716e
  GoogleDataTransport: 57c22343ab29bc686febbf7cbb13bad167c2d8fe
  GoogleUtilities: 0759d1a57ebb953965c2dfe0ba4c82e95ccc2e34
  image_picker_ios: 4a8aadfbb6dc30ad5141a2ce3832af9214a705b5
  in_app_purchase_storekit: 4fb7ee9e824b1f09107fbfbbce8c4b276366dc43
  nanopb: d4d75c12cd1316f4a64e3c6963f879ecd4b5e0d5
  open_filex: 6e26e659846ec990262224a12ef1c528bb4edbe4
  OrderedSet: aaeb196f7fef5a9edf55d89760da9176ad40b93c
  package_info_plus: 6c92f08e1f853dc01228d6f553146438dafcd14e
  path_provider_foundation: 29f094ae23ebbca9d3d0cec13889cd9060c0e943
  permission_handler_apple: e76247795d700c14ea09e3a2d8855d41ee80a2e6
  platform_device_id: 81b3e2993881f87d0c82ef151dc274df4869aef5
  PromisesObjC: c50d2056b5253dadbd6c2bea79b0674bd5a52fa4
  PromisesSwift: 28dca69a9c40779916ac2d6985a0192a5cb4a265
  ReachabilitySwift: 985039c6f7b23a1da463388634119492ff86c825
  SDWebImage: fc8f2d48bbfd72ef39d70e981bd24a3f3be53fec
  share_plus: 056a1e8ac890df3e33cb503afffaf1e9b4fbae68
  shared_preferences_foundation: 5b919d13b803cadd15ed2dc053125c68730e5126
  smart_auth: 4bedbc118723912d0e45a07e8ab34039c19e04f2
  sqflite: 31f7eba61e3074736dff8807a9b41581e4f7f15a
  SwiftyGif: 93a1cc87bf3a51916001cf8f3d63835fb64c819f
  Toast: ec33c32b8688982cecc6348adeae667c1b9938da
  url_launcher_ios: 68d46cc9766d0c41dbdc884310529557e3cd7a86
  vibration: 7d883d141656a1c1a6d8d238616b2042a51a1241
  video_player_avfoundation: 81e49bb3d9fb63dccf9fa0f6d877dc3ddbeac126
  wakelock: d0fc7c864128eac40eba1617cb5264d9c940b46f
  webview_flutter_wkwebview: 2e2d318f21a5e036e2c3f26171342e95908bd60a

PODFILE CHECKSUM: c48e499a4929d079b3fa3af18a11a3888842cc9f

COCOAPODS: 1.12.0
